// !$*UTF8*$!
{
	archiveVersion = 1;
	classes = {
	};
	objectVersion = 46;
	objects = {

/* Begin PBXBuildFile section */
		C101AE481BE0CF5B00CB93DE /* 120x120.png in Resources */ = {isa = PBXBuildFile; fileRef = C101AE461BE0CF5B00CB93DE /* 120x120.png */; };
		C101AE491BE0CF5B00CB93DE /* 180x180.png in Resources */ = {isa = PBXBuildFile; fileRef = C101AE471BE0CF5B00CB93DE /* 180x180.png */; };
		C101AE591BE0D52F00CB93DE /* izakaya-watch Extension.appex in Embed App Extensions */ = {isa = PBXBuildFile; fileRef = C101AE581BE0D52F00CB93DE /* izakaya-watch Extension.appex */; settings = {ATTRIBUTES = (RemoveHeadersOnCopy, ); }; };
		C19B3F301BE0B5DC0012D12A /* AppDelegate.swift in Sources */ = {isa = PBXBuildFile; fileRef = C19B3F2F1BE0B5DC0012D12A /* AppDelegate.swift */; };
		C19B3F321BE0B5DC0012D12A /* ViewController.swift in Sources */ = {isa = PBXBuildFile; fileRef = C19B3F311BE0B5DC0012D12A /* ViewController.swift */; };
		C19B3F351BE0B5DC0012D12A /* Main.storyboard in Resources */ = {isa = PBXBuildFile; fileRef = C19B3F331BE0B5DC0012D12A /* Main.storyboard */; };
		C19B3F381BE0B5DC0012D12A /* izakaya_project.xcdatamodeld in Sources */ = {isa = PBXBuildFile; fileRef = C19B3F361BE0B5DC0012D12A /* izakaya_project.xcdatamodeld */; };
		C19B3F3A1BE0B5DC0012D12A /* Assets.xcassets in Resources */ = {isa = PBXBuildFile; fileRef = C19B3F391BE0B5DC0012D12A /* Assets.xcassets */; };
		C19B3F3D1BE0B5DC0012D12A /* LaunchScreen.storyboard in Resources */ = {isa = PBXBuildFile; fileRef = C19B3F3B1BE0B5DC0012D12A /* LaunchScreen.storyboard */; };
		C19B3F481BE0B5DC0012D12A /* izakaya_projectTests.swift in Sources */ = {isa = PBXBuildFile; fileRef = C19B3F471BE0B5DC0012D12A /* izakaya_projectTests.swift */; };
		C19B3F531BE0B5DC0012D12A /* izakaya_projectUITests.swift in Sources */ = {isa = PBXBuildFile; fileRef = C19B3F521BE0B5DC0012D12A /* izakaya_projectUITests.swift */; };
/* End PBXBuildFile section */

/* Begin PBXContainerItemProxy section */
		C101AE5A1BE0D52F00CB93DE /* PBXContainerItemProxy */ = {
			isa = PBXContainerItemProxy;
			containerPortal = C19B3F241BE0B5DB0012D12A /* Project object */;
			proxyType = 1;
			remoteGlobalIDString = C101AE571BE0D52F00CB93DE;
			remoteInfo = "izakaya-watch Extension";
		};
		C19B3F441BE0B5DC0012D12A /* PBXContainerItemProxy */ = {
			isa = PBXContainerItemProxy;
			containerPortal = C19B3F241BE0B5DB0012D12A /* Project object */;
			proxyType = 1;
			remoteGlobalIDString = C19B3F2B1BE0B5DC0012D12A;
			remoteInfo = "izakaya-project";
		};
		C19B3F4F1BE0B5DC0012D12A /* PBXContainerItemProxy */ = {
			isa = PBXContainerItemProxy;
			containerPortal = C19B3F241BE0B5DB0012D12A /* Project object */;
			proxyType = 1;
			remoteGlobalIDString = C19B3F2B1BE0B5DC0012D12A;
			remoteInfo = "izakaya-project";
		};
/* End PBXContainerItemProxy section */

/* Begin PBXCopyFilesBuildPhase section */
		C101AE6E1BE0D53000CB93DE /* Embed App Extensions */ = {
			isa = PBXCopyFilesBuildPhase;
			buildActionMask = 2147483647;
			dstPath = "";
			dstSubfolderSpec = 13;
			files = (
				C101AE591BE0D52F00CB93DE /* izakaya-watch Extension.appex in Embed App Extensions */,
			);
			name = "Embed App Extensions";
			runOnlyForDeploymentPostprocessing = 0;
		};
/* End PBXCopyFilesBuildPhase section */

/* Begin PBXFileReference section */
		C101AE461BE0CF5B00CB93DE /* 120x120.png */ = {isa = PBXFileReference; lastKnownFileType = image.png; path = 120x120.png; sourceTree = "<group>"; };
		C101AE471BE0CF5B00CB93DE /* 180x180.png */ = {isa = PBXFileReference; lastKnownFileType = image.png; path = 180x180.png; sourceTree = "<group>"; };
		C101AE4C1BE0D52F00CB93DE /* izakaya-watch.app */ = {isa = PBXFileReference; explicitFileType = wrapper.application; includeInIndex = 0; path = "izakaya-watch.app"; sourceTree = BUILT_PRODUCTS_DIR; };
		C101AE581BE0D52F00CB93DE /* izakaya-watch Extension.appex */ = {isa = PBXFileReference; explicitFileType = "wrapper.app-extension"; includeInIndex = 0; path = "izakaya-watch Extension.appex"; sourceTree = BUILT_PRODUCTS_DIR; };
		C19B3F2C1BE0B5DC0012D12A /* izakaya-project.app */ = {isa = PBXFileReference; explicitFileType = wrapper.application; includeInIndex = 0; path = "izakaya-project.app"; sourceTree = BUILT_PRODUCTS_DIR; };
		C19B3F2F1BE0B5DC0012D12A /* AppDelegate.swift */ = {isa = PBXFileReference; lastKnownFileType = sourcecode.swift; path = AppDelegate.swift; sourceTree = "<group>"; };
		C19B3F311BE0B5DC0012D12A /* ViewController.swift */ = {isa = PBXFileReference; lastKnownFileType = sourcecode.swift; path = ViewController.swift; sourceTree = "<group>"; };
		C19B3F341BE0B5DC0012D12A /* Base */ = {isa = PBXFileReference; lastKnownFileType = file.storyboard; name = Base; path = Base.lproj/Main.storyboard; sourceTree = "<group>"; };
		C19B3F371BE0B5DC0012D12A /* izakaya_project.xcdatamodel */ = {isa = PBXFileReference; lastKnownFileType = wrapper.xcdatamodel; path = izakaya_project.xcdatamodel; sourceTree = "<group>"; };
		C19B3F391BE0B5DC0012D12A /* Assets.xcassets */ = {isa = PBXFileReference; lastKnownFileType = folder.assetcatalog; path = Assets.xcassets; sourceTree = "<group>"; };
		C19B3F3C1BE0B5DC0012D12A /* Base */ = {isa = PBXFileReference; lastKnownFileType = file.storyboard; name = Base; path = Base.lproj/LaunchScreen.storyboard; sourceTree = "<group>"; };
		C19B3F3E1BE0B5DC0012D12A /* Info.plist */ = {isa = PBXFileReference; lastKnownFileType = text.plist.xml; path = Info.plist; sourceTree = "<group>"; };
		C19B3F431BE0B5DC0012D12A /* izakaya-projectTests.xctest */ = {isa = PBXFileReference; explicitFileType = wrapper.cfbundle; includeInIndex = 0; path = "izakaya-projectTests.xctest"; sourceTree = BUILT_PRODUCTS_DIR; };
		C19B3F471BE0B5DC0012D12A /* izakaya_projectTests.swift */ = {isa = PBXFileReference; lastKnownFileType = sourcecode.swift; path = izakaya_projectTests.swift; sourceTree = "<group>"; };
		C19B3F491BE0B5DC0012D12A /* Info.plist */ = {isa = PBXFileReference; lastKnownFileType = text.plist.xml; path = Info.plist; sourceTree = "<group>"; };
		C19B3F4E1BE0B5DC0012D12A /* izakaya-projectUITests.xctest */ = {isa = PBXFileReference; explicitFileType = wrapper.cfbundle; includeInIndex = 0; path = "izakaya-projectUITests.xctest"; sourceTree = BUILT_PRODUCTS_DIR; };
		C19B3F521BE0B5DC0012D12A /* izakaya_projectUITests.swift */ = {isa = PBXFileReference; lastKnownFileType = sourcecode.swift; path = izakaya_projectUITests.swift; sourceTree = "<group>"; };
		C19B3F541BE0B5DC0012D12A /* Info.plist */ = {isa = PBXFileReference; lastKnownFileType = text.plist.xml; path = Info.plist; sourceTree = "<group>"; };
/* End PBXFileReference section */

/* Begin PBXFrameworksBuildPhase section */
		C101AE551BE0D52F00CB93DE /* Frameworks */ = {
			isa = PBXFrameworksBuildPhase;
			buildActionMask = 2147483647;
			files = (
			);
			runOnlyForDeploymentPostprocessing = 0;
		};
		C19B3F291BE0B5DC0012D12A /* Frameworks */ = {
			isa = PBXFrameworksBuildPhase;
			buildActionMask = 2147483647;
			files = (
			);
			runOnlyForDeploymentPostprocessing = 0;
		};
		C19B3F401BE0B5DC0012D12A /* Frameworks */ = {
			isa = PBXFrameworksBuildPhase;
			buildActionMask = 2147483647;
			files = (
			);
			runOnlyForDeploymentPostprocessing = 0;
		};
		C19B3F4B1BE0B5DC0012D12A /* Frameworks */ = {
			isa = PBXFrameworksBuildPhase;
			buildActionMask = 2147483647;
			files = (
			);
			runOnlyForDeploymentPostprocessing = 0;
		};
/* End PBXFrameworksBuildPhase section */

/* Begin PBXGroup section */
		C19B3F231BE0B5DB0012D12A = {
			isa = PBXGroup;
			children = (
				C19B3F2E1BE0B5DC0012D12A /* izakaya-project */,
				C19B3F461BE0B5DC0012D12A /* izakaya-projectTests */,
				C19B3F511BE0B5DC0012D12A /* izakaya-projectUITests */,
				C19B3F2D1BE0B5DC0012D12A /* Products */,
			);
			sourceTree = "<group>";
		};
		C19B3F2D1BE0B5DC0012D12A /* Products */ = {
			isa = PBXGroup;
			children = (
				C19B3F2C1BE0B5DC0012D12A /* izakaya-project.app */,
				C19B3F431BE0B5DC0012D12A /* izakaya-projectTests.xctest */,
				C19B3F4E1BE0B5DC0012D12A /* izakaya-projectUITests.xctest */,
				C101AE4C1BE0D52F00CB93DE /* izakaya-watch.app */,
				C101AE581BE0D52F00CB93DE /* izakaya-watch Extension.appex */,
			);
			name = Products;
			sourceTree = "<group>";
		};
		C19B3F2E1BE0B5DC0012D12A /* izakaya-project */ = {
			isa = PBXGroup;
			children = (
				C101AE461BE0CF5B00CB93DE /* 120x120.png */,
				C101AE471BE0CF5B00CB93DE /* 180x180.png */,
				C19B3F2F1BE0B5DC0012D12A /* AppDelegate.swift */,
				C19B3F311BE0B5DC0012D12A /* ViewController.swift */,
				C19B3F331BE0B5DC0012D12A /* Main.storyboard */,
				C19B3F391BE0B5DC0012D12A /* Assets.xcassets */,
				C19B3F3B1BE0B5DC0012D12A /* LaunchScreen.storyboard */,
				C19B3F3E1BE0B5DC0012D12A /* Info.plist */,
				C19B3F361BE0B5DC0012D12A /* izakaya_project.xcdatamodeld */,
			);
			path = "izakaya-project";
			sourceTree = "<group>";
		};
		C19B3F461BE0B5DC0012D12A /* izakaya-projectTests */ = {
			isa = PBXGroup;
			children = (
				C19B3F471BE0B5DC0012D12A /* izakaya_projectTests.swift */,
				C19B3F491BE0B5DC0012D12A /* Info.plist */,
			);
			path = "izakaya-projectTests";
			sourceTree = "<group>";
		};
		C19B3F511BE0B5DC0012D12A /* izakaya-projectUITests */ = {
			isa = PBXGroup;
			children = (
				C19B3F521BE0B5DC0012D12A /* izakaya_projectUITests.swift */,
				C19B3F541BE0B5DC0012D12A /* Info.plist */,
			);
			path = "izakaya-projectUITests";
			sourceTree = "<group>";
		};
/* End PBXGroup section */

/* Begin PBXNativeTarget section */
		C101AE4B1BE0D52F00CB93DE /* izakaya-watch */ = {
			isa = PBXNativeTarget;
			buildConfigurationList = C101AE6F1BE0D53000CB93DE /* Build configuration list for PBXNativeTarget "izakaya-watch" */;
			buildPhases = (
				C101AE4A1BE0D52F00CB93DE /* Resources */,
				C101AE6E1BE0D53000CB93DE /* Embed App Extensions */,
			);
			buildRules = (
			);
			dependencies = (
				C101AE5B1BE0D52F00CB93DE /* PBXTargetDependency */,
			);
			name = "izakaya-watch";
			productName = "izakaya-watch";
			productReference = C101AE4C1BE0D52F00CB93DE /* izakaya-watch.app */;
			productType = "com.apple.product-type.application.watchapp2";
		};
		C101AE571BE0D52F00CB93DE /* izakaya-watch Extension */ = {
			isa = PBXNativeTarget;
			buildConfigurationList = C101AE6B1BE0D53000CB93DE /* Build configuration list for PBXNativeTarget "izakaya-watch Extension" */;
			buildPhases = (
				C101AE541BE0D52F00CB93DE /* Sources */,
				C101AE551BE0D52F00CB93DE /* Frameworks */,
				C101AE561BE0D52F00CB93DE /* Resources */,
			);
			buildRules = (
			);
			dependencies = (
			);
			name = "izakaya-watch Extension";
			productName = "izakaya-watch Extension";
			productReference = C101AE581BE0D52F00CB93DE /* izakaya-watch Extension.appex */;
			productType = "com.apple.product-type.watchkit2-extension";
		};
		C19B3F2B1BE0B5DC0012D12A /* izakaya-project */ = {
			isa = PBXNativeTarget;
			buildConfigurationList = C19B3F571BE0B5DC0012D12A /* Build configuration list for PBXNativeTarget "izakaya-project" */;
			buildPhases = (
				C19B3F281BE0B5DC0012D12A /* Sources */,
				C19B3F291BE0B5DC0012D12A /* Frameworks */,
				C19B3F2A1BE0B5DC0012D12A /* Resources */,
			);
			buildRules = (
			);
			dependencies = (
			);
			name = "izakaya-project";
			productName = "izakaya-project";
			productReference = C19B3F2C1BE0B5DC0012D12A /* izakaya-project.app */;
			productType = "com.apple.product-type.application";
		};
		C19B3F421BE0B5DC0012D12A /* izakaya-projectTests */ = {
			isa = PBXNativeTarget;
			buildConfigurationList = C19B3F5A1BE0B5DC0012D12A /* Build configuration list for PBXNativeTarget "izakaya-projectTests" */;
			buildPhases = (
				C19B3F3F1BE0B5DC0012D12A /* Sources */,
				C19B3F401BE0B5DC0012D12A /* Frameworks */,
				C19B3F411BE0B5DC0012D12A /* Resources */,
			);
			buildRules = (
			);
			dependencies = (
				C19B3F451BE0B5DC0012D12A /* PBXTargetDependency */,
			);
			name = "izakaya-projectTests";
			productName = "izakaya-projectTests";
			productReference = C19B3F431BE0B5DC0012D12A /* izakaya-projectTests.xctest */;
			productType = "com.apple.product-type.bundle.unit-test";
		};
		C19B3F4D1BE0B5DC0012D12A /* izakaya-projectUITests */ = {
			isa = PBXNativeTarget;
			buildConfigurationList = C19B3F5D1BE0B5DC0012D12A /* Build configuration list for PBXNativeTarget "izakaya-projectUITests" */;
			buildPhases = (
				C19B3F4A1BE0B5DC0012D12A /* Sources */,
				C19B3F4B1BE0B5DC0012D12A /* Frameworks */,
				C19B3F4C1BE0B5DC0012D12A /* Resources */,
			);
			buildRules = (
			);
			dependencies = (
				C19B3F501BE0B5DC0012D12A /* PBXTargetDependency */,
			);
			name = "izakaya-projectUITests";
			productName = "izakaya-projectUITests";
			productReference = C19B3F4E1BE0B5DC0012D12A /* izakaya-projectUITests.xctest */;
			productType = "com.apple.product-type.bundle.ui-testing";
		};
/* End PBXNativeTarget section */

/* Begin PBXProject section */
		C19B3F241BE0B5DB0012D12A /* Project object */ = {
			isa = PBXProject;
			attributes = {
				LastSwiftUpdateCheck = 0710;
				LastUpgradeCheck = 0710;
				ORGANIZATIONNAME = hisasann;
				TargetAttributes = {
					C101AE4B1BE0D52F00CB93DE = {
						CreatedOnToolsVersion = 7.1;
						DevelopmentTeam = 2KJ75G66HF;
					};
					C101AE571BE0D52F00CB93DE = {
						CreatedOnToolsVersion = 7.1;
						DevelopmentTeam = 2KJ75G66HF;
					};
					C19B3F2B1BE0B5DC0012D12A = {
						CreatedOnToolsVersion = 7.1;
						DevelopmentTeam = 2KJ75G66HF;
					};
					C19B3F421BE0B5DC0012D12A = {
						CreatedOnToolsVersion = 7.1;
						TestTargetID = C19B3F2B1BE0B5DC0012D12A;
					};
					C19B3F4D1BE0B5DC0012D12A = {
						CreatedOnToolsVersion = 7.1;
						TestTargetID = C19B3F2B1BE0B5DC0012D12A;
					};
				};
			};
			buildConfigurationList = C19B3F271BE0B5DB0012D12A /* Build configuration list for PBXProject "izakaya-project" */;
			compatibilityVersion = "Xcode 3.2";
			developmentRegion = English;
			hasScannedForEncodings = 0;
			knownRegions = (
				en,
				Base,
			);
			mainGroup = C19B3F231BE0B5DB0012D12A;
			productRefGroup = C19B3F2D1BE0B5DC0012D12A /* Products */;
			projectDirPath = "";
			projectRoot = "";
			targets = (
				C19B3F2B1BE0B5DC0012D12A /* izakaya-project */,
				C19B3F421BE0B5DC0012D12A /* izakaya-projectTests */,
				C19B3F4D1BE0B5DC0012D12A /* izakaya-projectUITests */,
				C101AE4B1BE0D52F00CB93DE /* izakaya-watch */,
				C101AE571BE0D52F00CB93DE /* izakaya-watch Extension */,
			);
		};
/* End PBXProject section */

/* Begin PBXResourcesBuildPhase section */
		C101AE4A1BE0D52F00CB93DE /* Resources */ = {
			isa = PBXResourcesBuildPhase;
			buildActionMask = 2147483647;
			files = (
			);
			runOnlyForDeploymentPostprocessing = 0;
		};
		C101AE561BE0D52F00CB93DE /* Resources */ = {
			isa = PBXResourcesBuildPhase;
			buildActionMask = 2147483647;
			files = (
			);
			runOnlyForDeploymentPostprocessing = 0;
		};
		C19B3F2A1BE0B5DC0012D12A /* Resources */ = {
			isa = PBXResourcesBuildPhase;
			buildActionMask = 2147483647;
			files = (
				C101AE481BE0CF5B00CB93DE /* 120x120.png in Resources */,
				C101AE491BE0CF5B00CB93DE /* 180x180.png in Resources */,
				C19B3F3D1BE0B5DC0012D12A /* LaunchScreen.storyboard in Resources */,
				C19B3F3A1BE0B5DC0012D12A /* Assets.xcassets in Resources */,
				C19B3F351BE0B5DC0012D12A /* Main.storyboard in Resources */,
			);
			runOnlyForDeploymentPostprocessing = 0;
		};
		C19B3F411BE0B5DC0012D12A /* Resources */ = {
			isa = PBXResourcesBuildPhase;
			buildActionMask = 2147483647;
			files = (
			);
			runOnlyForDeploymentPostprocessing = 0;
		};
		C19B3F4C1BE0B5DC0012D12A /* Resources */ = {
			isa = PBXResourcesBuildPhase;
			buildActionMask = 2147483647;
			files = (
			);
			runOnlyForDeploymentPostprocessing = 0;
		};
/* End PBXResourcesBuildPhase section */

/* Begin PBXSourcesBuildPhase section */
		C101AE541BE0D52F00CB93DE /* Sources */ = {
			isa = PBXSourcesBuildPhase;
			buildActionMask = 2147483647;
			files = (
			);
			runOnlyForDeploymentPostprocessing = 0;
		};
		C19B3F281BE0B5DC0012D12A /* Sources */ = {
			isa = PBXSourcesBuildPhase;
			buildActionMask = 2147483647;
			files = (
				C19B3F321BE0B5DC0012D12A /* ViewController.swift in Sources */,
				C19B3F301BE0B5DC0012D12A /* AppDelegate.swift in Sources */,
				C19B3F381BE0B5DC0012D12A /* izakaya_project.xcdatamodeld in Sources */,
			);
			runOnlyForDeploymentPostprocessing = 0;
		};
		C19B3F3F1BE0B5DC0012D12A /* Sources */ = {
			isa = PBXSourcesBuildPhase;
			buildActionMask = 2147483647;
			files = (
				C19B3F481BE0B5DC0012D12A /* izakaya_projectTests.swift in Sources */,
			);
			runOnlyForDeploymentPostprocessing = 0;
		};
		C19B3F4A1BE0B5DC0012D12A /* Sources */ = {
			isa = PBXSourcesBuildPhase;
			buildActionMask = 2147483647;
			files = (
				C19B3F531BE0B5DC0012D12A /* izakaya_projectUITests.swift in Sources */,
			);
			runOnlyForDeploymentPostprocessing = 0;
		};
/* End PBXSourcesBuildPhase section */

/* Begin PBXTargetDependency section */
		C101AE5B1BE0D52F00CB93DE /* PBXTargetDependency */ = {
			isa = PBXTargetDependency;
			target = C101AE571BE0D52F00CB93DE /* izakaya-watch Extension */;
			targetProxy = C101AE5A1BE0D52F00CB93DE /* PBXContainerItemProxy */;
		};
		C19B3F451BE0B5DC0012D12A /* PBXTargetDependency */ = {
			isa = PBXTargetDependency;
			target = C19B3F2B1BE0B5DC0012D12A /* izakaya-project */;
			targetProxy = C19B3F441BE0B5DC0012D12A /* PBXContainerItemProxy */;
		};
		C19B3F501BE0B5DC0012D12A /* PBXTargetDependency */ = {
			isa = PBXTargetDependency;
			target = C19B3F2B1BE0B5DC0012D12A /* izakaya-project */;
			targetProxy = C19B3F4F1BE0B5DC0012D12A /* PBXContainerItemProxy */;
		};
/* End PBXTargetDependency section */

/* Begin PBXVariantGroup section */
		C19B3F331BE0B5DC0012D12A /* Main.storyboard */ = {
			isa = PBXVariantGroup;
			children = (
				C19B3F341BE0B5DC0012D12A /* Base */,
			);
			name = Main.storyboard;
			sourceTree = "<group>";
		};
		C19B3F3B1BE0B5DC0012D12A /* LaunchScreen.storyboard */ = {
			isa = PBXVariantGroup;
			children = (
				C19B3F3C1BE0B5DC0012D12A /* Base */,
			);
			name = LaunchScreen.storyboard;
			sourceTree = "<group>";
		};
/* End PBXVariantGroup section */

/* Begin XCBuildConfiguration section */
		C101AE6C1BE0D53000CB93DE /* Debug */ = {
			isa = XCBuildConfiguration;
			buildSettings = {
				INFOPLIST_FILE = "$(SRCROOT)/izakaya-project/Info.plist";
				LD_RUNPATH_SEARCH_PATHS = "$(inherited) @executable_path/Frameworks @executable_path/../../Frameworks";
				PRODUCT_BUNDLE_IDENTIFIER = "com.hisasann.izakaya-project.watchkitapp.watchkitextension";
				PRODUCT_NAME = "${TARGET_NAME}";
				SDKROOT = watchos;
				SKIP_INSTALL = YES;
				TARGETED_DEVICE_FAMILY = 4;
				WATCHOS_DEPLOYMENT_TARGET = 2.0;
			};
			name = Debug;
		};
		C101AE6D1BE0D53000CB93DE /* Release */ = {
			isa = XCBuildConfiguration;
			buildSettings = {
				INFOPLIST_FILE = "$(SRCROOT)/izakaya-project/Info.plist";
				LD_RUNPATH_SEARCH_PATHS = "$(inherited) @executable_path/Frameworks @executable_path/../../Frameworks";
				PRODUCT_BUNDLE_IDENTIFIER = "com.hisasann.izakaya-project.watchkitapp.watchkitextension";
				PRODUCT_NAME = "${TARGET_NAME}";
				SDKROOT = watchos;
				SKIP_INSTALL = YES;
				TARGETED_DEVICE_FAMILY = 4;
				WATCHOS_DEPLOYMENT_TARGET = 2.0;
			};
			name = Release;
		};
		C101AE701BE0D53000CB93DE /* Debug */ = {
			isa = XCBuildConfiguration;
			buildSettings = {
				ASSETCATALOG_COMPILER_APPICON_NAME = AppIcon;
				CODE_SIGN_IDENTITY = "iPhone Developer";
				"CODE_SIGN_IDENTITY[sdk=iphoneos*]" = "iPhone Developer";
				IBSC_MODULE = izakaya_watch_Extension;
				INFOPLIST_FILE = "izakaya-watch/Info.plist";
				PRODUCT_BUNDLE_IDENTIFIER = "com.hisasann.izakaya-project.watchkitapp";
				PRODUCT_NAME = "$(TARGET_NAME)";
				SDKROOT = watchos;
				SKIP_INSTALL = YES;
				TARGETED_DEVICE_FAMILY = 4;
				WATCHOS_DEPLOYMENT_TARGET = 2.0;
			};
			name = Debug;
		};
		C101AE711BE0D53000CB93DE /* Release */ = {
			isa = XCBuildConfiguration;
			buildSettings = {
				ASSETCATALOG_COMPILER_APPICON_NAME = AppIcon;
				CODE_SIGN_IDENTITY = "iPhone Developer";
				"CODE_SIGN_IDENTITY[sdk=iphoneos*]" = "iPhone Developer";
				IBSC_MODULE = izakaya_watch_Extension;
				INFOPLIST_FILE = "izakaya-watch/Info.plist";
				PRODUCT_BUNDLE_IDENTIFIER = "com.hisasann.izakaya-project.watchkitapp";
				PRODUCT_NAME = "$(TARGET_NAME)";
				SDKROOT = watchos;
				SKIP_INSTALL = YES;
				TARGETED_DEVICE_FAMILY = 4;
				WATCHOS_DEPLOYMENT_TARGET = 2.0;
			};
			name = Release;
		};
		C19B3F551BE0B5DC0012D12A /* Debug */ = {
			isa = XCBuildConfiguration;
			buildSettings = {
				ALWAYS_SEARCH_USER_PATHS = NO;
				CLANG_CXX_LANGUAGE_STANDARD = "gnu++0x";
				CLANG_CXX_LIBRARY = "libc++";
				CLANG_ENABLE_MODULES = YES;
				CLANG_ENABLE_OBJC_ARC = YES;
				CLANG_WARN_BOOL_CONVERSION = YES;
				CLANG_WARN_CONSTANT_CONVERSION = YES;
				CLANG_WARN_DIRECT_OBJC_ISA_USAGE = YES_ERROR;
				CLANG_WARN_EMPTY_BODY = YES;
				CLANG_WARN_ENUM_CONVERSION = YES;
				CLANG_WARN_INT_CONVERSION = YES;
				CLANG_WARN_OBJC_ROOT_CLASS = YES_ERROR;
				CLANG_WARN_UNREACHABLE_CODE = YES;
				CLANG_WARN__DUPLICATE_METHOD_MATCH = YES;
				"CODE_SIGN_IDENTITY[sdk=iphoneos*]" = "iPhone Developer";
				COPY_PHASE_STRIP = NO;
				DEBUG_INFORMATION_FORMAT = dwarf;
				ENABLE_STRICT_OBJC_MSGSEND = YES;
				ENABLE_TESTABILITY = YES;
				GCC_C_LANGUAGE_STANDARD = gnu99;
				GCC_DYNAMIC_NO_PIC = NO;
				GCC_NO_COMMON_BLOCKS = YES;
				GCC_OPTIMIZATION_LEVEL = 0;
				GCC_PREPROCESSOR_DEFINITIONS = (
					"DEBUG=1",
					"$(inherited)",
				);
				GCC_WARN_64_TO_32_BIT_CONVERSION = YES;
				GCC_WARN_ABOUT_RETURN_TYPE = YES_ERROR;
				GCC_WARN_UNDECLARED_SELECTOR = YES;
				GCC_WARN_UNINITIALIZED_AUTOS = YES_AGGRESSIVE;
				GCC_WARN_UNUSED_FUNCTION = YES;
				GCC_WARN_UNUSED_VARIABLE = YES;
				IPHONEOS_DEPLOYMENT_TARGET = 9.1;
				MTL_ENABLE_DEBUG_INFO = YES;
				ONLY_ACTIVE_ARCH = YES;
				SDKROOT = iphoneos;
				SWIFT_OPTIMIZATION_LEVEL = "-Onone";
			};
			name = Debug;
		};
		C19B3F561BE0B5DC0012D12A /* Release */ = {
			isa = XCBuildConfiguration;
			buildSettings = {
				ALWAYS_SEARCH_USER_PATHS = NO;
				CLANG_CXX_LANGUAGE_STANDARD = "gnu++0x";
				CLANG_CXX_LIBRARY = "libc++";
				CLANG_ENABLE_MODULES = YES;
				CLANG_ENABLE_OBJC_ARC = YES;
				CLANG_WARN_BOOL_CONVERSION = YES;
				CLANG_WARN_CONSTANT_CONVERSION = YES;
				CLANG_WARN_DIRECT_OBJC_ISA_USAGE = YES_ERROR;
				CLANG_WARN_EMPTY_BODY = YES;
				CLANG_WARN_ENUM_CONVERSION = YES;
				CLANG_WARN_INT_CONVERSION = YES;
				CLANG_WARN_OBJC_ROOT_CLASS = YES_ERROR;
				CLANG_WARN_UNREACHABLE_CODE = YES;
				CLANG_WARN__DUPLICATE_METHOD_MATCH = YES;
				"CODE_SIGN_IDENTITY[sdk=iphoneos*]" = "iPhone Developer";
				COPY_PHASE_STRIP = NO;
				DEBUG_INFORMATION_FORMAT = "dwarf-with-dsym";
				ENABLE_NS_ASSERTIONS = NO;
				ENABLE_STRICT_OBJC_MSGSEND = YES;
				GCC_C_LANGUAGE_STANDARD = gnu99;
				GCC_NO_COMMON_BLOCKS = YES;
				GCC_WARN_64_TO_32_BIT_CONVERSION = YES;
				GCC_WARN_ABOUT_RETURN_TYPE = YES_ERROR;
				GCC_WARN_UNDECLARED_SELECTOR = YES;
				GCC_WARN_UNINITIALIZED_AUTOS = YES_AGGRESSIVE;
				GCC_WARN_UNUSED_FUNCTION = YES;
				GCC_WARN_UNUSED_VARIABLE = YES;
				IPHONEOS_DEPLOYMENT_TARGET = 9.1;
				MTL_ENABLE_DEBUG_INFO = NO;
				SDKROOT = iphoneos;
				VALIDATE_PRODUCT = YES;
			};
			name = Release;
		};
		C19B3F581BE0B5DC0012D12A /* Debug */ = {
			isa = XCBuildConfiguration;
			buildSettings = {
				ASSETCATALOG_COMPILER_APPICON_NAME = AppIcon;
				CODE_SIGN_IDENTITY = "iPhone Developer";
				"CODE_SIGN_IDENTITY[sdk=iphoneos*]" = "iPhone Developer";
				INFOPLIST_FILE = "izakaya-project/Info.plist";
				LD_RUNPATH_SEARCH_PATHS = "$(inherited) @executable_path/Frameworks";
				PRODUCT_BUNDLE_IDENTIFIER = "com.hisasann.izakaya-project";
				PRODUCT_NAME = "$(TARGET_NAME)";
				PROVISIONING_PROFILE = "";
				TARGETED_DEVICE_FAMILY = 1;
			};
			name = Debug;
		};
		C19B3F591BE0B5DC0012D12A /* Release */ = {
			isa = XCBuildConfiguration;
			buildSettings = {
				ASSETCATALOG_COMPILER_APPICON_NAME = AppIcon;
				CODE_SIGN_IDENTITY = "iPhone Developer";
				"CODE_SIGN_IDENTITY[sdk=iphoneos*]" = "iPhone Developer";
				INFOPLIST_FILE = "izakaya-project/Info.plist";
				LD_RUNPATH_SEARCH_PATHS = "$(inherited) @executable_path/Frameworks";
				PRODUCT_BUNDLE_IDENTIFIER = "com.hisasann.izakaya-project";
				PRODUCT_NAME = "$(TARGET_NAME)";
				PROVISIONING_PROFILE = "";
				TARGETED_DEVICE_FAMILY = 1;
			};
			name = Release;
		};
		C19B3F5B1BE0B5DC0012D12A /* Debug */ = {
			isa = XCBuildConfiguration;
			buildSettings = {
				BUNDLE_LOADER = "$(TEST_HOST)";
				INFOPLIST_FILE = "izakaya-projectTests/Info.plist";
				LD_RUNPATH_SEARCH_PATHS = "$(inherited) @executable_path/Frameworks @loader_path/Frameworks";
				PRODUCT_BUNDLE_IDENTIFIER = "com.hisasann.izakaya-projectTests";
				PRODUCT_NAME = "$(TARGET_NAME)";
				TEST_HOST = "$(BUILT_PRODUCTS_DIR)/izakaya-project.app/izakaya-project";
			};
			name = Debug;
		};
		C19B3F5C1BE0B5DC0012D12A /* Release */ = {
			isa = XCBuildConfiguration;
			buildSettings = {
				BUNDLE_LOADER = "$(TEST_HOST)";
				INFOPLIST_FILE = "izakaya-projectTests/Info.plist";
				LD_RUNPATH_SEARCH_PATHS = "$(inherited) @executable_path/Frameworks @loader_path/Frameworks";
				PRODUCT_BUNDLE_IDENTIFIER = "com.hisasann.izakaya-projectTests";
				PRODUCT_NAME = "$(TARGET_NAME)";
				TEST_HOST = "$(BUILT_PRODUCTS_DIR)/izakaya-project.app/izakaya-project";
			};
			name = Release;
		};
		C19B3F5E1BE0B5DC0012D12A /* Debug */ = {
			isa = XCBuildConfiguration;
			buildSettings = {
				INFOPLIST_FILE = "izakaya-projectUITests/Info.plist";
				LD_RUNPATH_SEARCH_PATHS = "$(inherited) @executable_path/Frameworks @loader_path/Frameworks";
				PRODUCT_BUNDLE_IDENTIFIER = "com.hisasann.izakaya-projectUITests";
				PRODUCT_NAME = "$(TARGET_NAME)";
				TEST_TARGET_NAME = "izakaya-project";
				USES_XCTRUNNER = YES;
			};
			name = Debug;
		};
		C19B3F5F1BE0B5DC0012D12A /* Release */ = {
			isa = XCBuildConfiguration;
			buildSettings = {
				INFOPLIST_FILE = "izakaya-projectUITests/Info.plist";
				LD_RUNPATH_SEARCH_PATHS = "$(inherited) @executable_path/Frameworks @loader_path/Frameworks";
				PRODUCT_BUNDLE_IDENTIFIER = "com.hisasann.izakaya-projectUITests";
				PRODUCT_NAME = "$(TARGET_NAME)";
				TEST_TARGET_NAME = "izakaya-project";
				USES_XCTRUNNER = YES;
			};
			name = Release;
		};
/* End XCBuildConfiguration section */

/* Begin XCConfigurationList section */
		C101AE6B1BE0D53000CB93DE /* Build configuration list for PBXNativeTarget "izakaya-watch Extension" */ = {
			isa = XCConfigurationList;
			buildConfigurations = (
				C101AE6C1BE0D53000CB93DE /* Debug */,
				C101AE6D1BE0D53000CB93DE /* Release */,
			);
			defaultConfigurationIsVisible = 0;
			defaultConfigurationName = Release;
		};
		C101AE6F1BE0D53000CB93DE /* Build configuration list for PBXNativeTarget "izakaya-watch" */ = {
			isa = XCConfigurationList;
			buildConfigurations = (
				C101AE701BE0D53000CB93DE /* Debug */,
				C101AE711BE0D53000CB93DE /* Release */,
			);
			defaultConfigurationIsVisible = 0;
			defaultConfigurationName = Release;
		};
		C19B3F271BE0B5DB0012D12A /* Build configuration list for PBXProject "izakaya-project" */ = {
			isa = XCConfigurationList;
			buildConfigurations = (
				C19B3F551BE0B5DC0012D12A /* Debug */,
				C19B3F561BE0B5DC0012D12A /* Release */,
			);
			defaultConfigurationIsVisible = 0;
			defaultConfigurationName = Release;
		};
		C19B3F571BE0B5DC0012D12A /* Build configuration list for PBXNativeTarget "izakaya-project" */ = {
			isa = XCConfigurationList;
			buildConfigurations = (
				C19B3F581BE0B5DC0012D12A /* Debug */,
				C19B3F591BE0B5DC0012D12A /* Release */,
			);
			defaultConfigurationIsVisible = 0;
			defaultConfigurationName = Release;
		};
		C19B3F5A1BE0B5DC0012D12A /* Build configuration list for PBXNativeTarget "izakaya-projectTests" */ = {
			isa = XCConfigurationList;
			buildConfigurations = (
				C19B3F5B1BE0B5DC0012D12A /* Debug */,
				C19B3F5C1BE0B5DC0012D12A /* Release */,
			);
			defaultConfigurationIsVisible = 0;
			defaultConfigurationName = Release;
		};
		C19B3F5D1BE0B5DC0012D12A /* Build configuration list for PBXNativeTarget "izakaya-projectUITests" */ = {
			isa = XCConfigurationList;
			buildConfigurations = (
				C19B3F5E1BE0B5DC0012D12A /* Debug */,
				C19B3F5F1BE0B5DC0012D12A /* Release */,
			);
			defaultConfigurationIsVisible = 0;
			defaultConfigurationName = Release;
		};
/* End XCConfigurationList section */

/* Begin XCVersionGroup section */
		C19B3F361BE0B5DC0012D12A /* izakaya_project.xcdatamodeld */ = {
			isa = XCVersionGroup;
			children = (
				C19B3F371BE0B5DC0012D12A /* izakaya_project.xcdatamodel */,
			);
			currentVersion = C19B3F371BE0B5DC0012D12A /* izakaya_project.xcdatamodel */;
			path = izakaya_project.xcdatamodeld;
			sourceTree = "<group>";
			versionGroupType = wrapper.xcdatamodel;
		};
/* End XCVersionGroup section */
	};
	rootObject = C19B3F241BE0B5DB0012D12A /* Project object */;
}
